
Microsoft Visual Studio Solution File, Format Version 11.00
# Visual Studio 2010
Project("{FAE04EC0-301F-11D3-BF4B-00C04F79EFBC}") = "Independent Studies Game", "Assembly-CSharp.csproj", "{018EF77F-B854-862F-E219-B9A4C6F52460}"
EndProject
Global
	GlobalSection(SolutionConfigurationPlatforms) = preSolution
		Debug|Any CPU = Debug|Any CPU
		Release|Any CPU = Release|Any CPU
	EndGlobalSection
	GlobalSection(ProjectConfigurationPlatforms) = postSolution
		{018EF77F-B854-862F-E219-B9A4C6F52460}.Debug|Any CPU.ActiveCfg = Debug|Any CPU
		{018EF77F-B854-862F-E219-B9A4C6F52460}.Debug|Any CPU.Build.0 = Debug|Any CPU
		{018EF77F-B854-862F-E219-B9A4C6F52460}.Release|Any CPU.ActiveCfg = Release|Any CPU
		{018EF77F-B854-862F-E219-B9A4C6F52460}.Release|Any CPU.Build.0 = Release|Any CPU
	EndGlobalSection
	GlobalSection(SolutionProperties) = preSolution
		HideSolutionNode = FALSE
	EndGlobalSection
	GlobalSection(MonoDevelopProperties) = preSolution
		StartupItem = Assembly-CSharp.csproj
	EndGlobalSection
EndGlobal
